
Microsoft Visual Studio Solution File, Format Version 12.00
# Visual Studio Version 17
VisualStudioVersion = 17.11.35312.102
MinimumVisualStudioVersion = 10.0.40219.1
Project("{FAE04EC0-301F-11D3-BF4B-00C04F79EFBC}") = "MasterMindApp", "MasterMindApp\MasterMindApp.csproj", "{FCFEAC4E-BE7C-4F06-81AB-F15078C8FA50}"
EndProject
Project("{FAE04EC0-301F-11D3-BF4B-00C04F79EFBC}") = "MasterMind.Tests", "MasterMind.Tests\MasterMind.Tests.csproj", "{11671A2B-C1C0-4CDE-A717-DA9EC6100C29}"
EndProject
Project("{FAE04EC0-301F-11D3-BF4B-00C04F79EFBC}") = "MasterMind.GUI", "MasterMind.GUI\MasterMind.GUI.csproj", "{ECD5BAD5-565A-4509-B30A-41156CA2AF43}"
EndProject
Global
	GlobalSection(SolutionConfigurationPlatforms) = preSolution
		Debug|Any CPU = Debug|Any CPU
		Release|Any CPU = Release|Any CPU
	EndGlobalSection
	GlobalSection(ProjectConfigurationPlatforms) = postSolution
		{FCFEAC4E-BE7C-4F06-81AB-F15078C8FA50}.Debug|Any CPU.ActiveCfg = Debug|Any CPU
		{FCFEAC4E-BE7C-4F06-81AB-F15078C8FA50}.Debug|Any CPU.Build.0 = Debug|Any CPU
		{FCFEAC4E-BE7C-4F06-81AB-F15078C8FA50}.Release|Any CPU.ActiveCfg = Release|Any CPU
		{FCFEAC4E-BE7C-4F06-81AB-F15078C8FA50}.Release|Any CPU.Build.0 = Release|Any CPU
		{11671A2B-C1C0-4CDE-A717-DA9EC6100C29}.Debug|Any CPU.ActiveCfg = Debug|Any CPU
		{11671A2B-C1C0-4CDE-A717-DA9EC6100C29}.Debug|Any CPU.Build.0 = Debug|Any CPU
		{11671A2B-C1C0-4CDE-A717-DA9EC6100C29}.Release|Any CPU.ActiveCfg = Release|Any CPU
		{11671A2B-C1C0-4CDE-A717-DA9EC6100C29}.Release|Any CPU.Build.0 = Release|Any CPU
		{ECD5BAD5-565A-4509-B30A-41156CA2AF43}.Debug|Any CPU.ActiveCfg = Debug|Any CPU
		{ECD5BAD5-565A-4509-B30A-41156CA2AF43}.Debug|Any CPU.Build.0 = Debug|Any CPU
		{ECD5BAD5-565A-4509-B30A-41156CA2AF43}.Debug|Any CPU.Deploy.0 = Debug|Any CPU
		{ECD5BAD5-565A-4509-B30A-41156CA2AF43}.Release|Any CPU.ActiveCfg = Release|Any CPU
		{ECD5BAD5-565A-4509-B30A-41156CA2AF43}.Release|Any CPU.Build.0 = Release|Any CPU
		{ECD5BAD5-565A-4509-B30A-41156CA2AF43}.Release|Any CPU.Deploy.0 = Release|Any CPU
	EndGlobalSection
	GlobalSection(SolutionProperties) = preSolution
		HideSolutionNode = FALSE
	EndGlobalSection
	GlobalSection(ExtensibilityGlobals) = postSolution
		SolutionGuid = {E9391AA2-DED4-4533-AE25-2D6834C3E836}
	EndGlobalSection
EndGlobal
